
Microsoft Visual Studio Solution File, Format Version 12.00
# Visual Studio Version 17
VisualStudioVersion = 17.14.36414.22
MinimumVisualStudioVersion = 10.0.40219.1
Project("{FAE04EC0-301F-11D3-BF4B-00C04F79EFBC}") = "BankingApp", "BankingApp\BankingApp.csproj", "{3B667862-0E48-4EDA-BAE8-CD5D4A22718C}"
EndProject
Project("{2150E333-8FDC-42A3-9474-1A3956D46DE8}") = "Core", "Core", "{02EA681E-C7D8-13C7-8484-4AC65E1B71E8}"
EndProject
Project("{2150E333-8FDC-42A3-9474-1A3956D46DE8}") = "Source", "Source", "{C545C97B-7898-4AFA-BCFF-7D2BEBB9A034}"
EndProject
Project("{2150E333-8FDC-42A3-9474-1A3956D46DE8}") = "Infraestructure", "Infraestructure", "{D880DC73-3FEA-4E69-BEB9-B6C3A264A4A5}"
EndProject
Project("{2150E333-8FDC-42A3-9474-1A3956D46DE8}") = "Presentation", "Presentation", "{992F528C-BDE2-4246-9911-6D841F77E45B}"
EndProject
Project("{FAE04EC0-301F-11D3-BF4B-00C04F79EFBC}") = "BankingApp.Core.Application", "BankingApp.Core.Application\BankingApp.Core.Application.csproj", "{6358AE1D-A1A2-4EF9-B726-7ACE85C7A523}"
EndProject
Project("{FAE04EC0-301F-11D3-BF4B-00C04F79EFBC}") = "BankingApp.Core.Domain", "BankingApp.Core.Domain\BankingApp.Core.Domain.csproj", "{18968EF1-9DBA-4C36-AAF6-B0DB5C5DE9BC}"
EndProject
Project("{FAE04EC0-301F-11D3-BF4B-00C04F79EFBC}") = "BankingApp.Infraestructure.Persistence", "BankingApp.Infraestructure.Persistence\BankingApp.Infraestructure.Persistence.csproj", "{FD6FD5F6-6C7C-4EE3-8ED2-2C7B27027C0B}"
EndProject
Project("{FAE04EC0-301F-11D3-BF4B-00C04F79EFBC}") = "BankingApp.Infraestructure.Shared", "BankingApp.Infraestructure.Shared\BankingApp.Infraestructure.Shared.csproj", "{10E16091-D1BF-4736-A3CB-B521C1AFB6E5}"
EndProject
Project("{FAE04EC0-301F-11D3-BF4B-00C04F79EFBC}") = "BankingApp.Infraestructure.Identity", "BankingApp.Infraestructure.Identity\BankingApp.Infraestructure.Identity.csproj", "{209BDB0A-8B77-41CD-A9E4-908BBEB4B9FC}"
EndProject
Project("{2150E333-8FDC-42A3-9474-1A3956D46DE8}") = "WebApp", "WebApp", "{8F9150BA-F8D7-4EB1-9AF3-B4B8358DF110}"
EndProject
Project("{2150E333-8FDC-42A3-9474-1A3956D46DE8}") = "WebApi", "WebApi", "{36873262-FA1C-4741-BFE7-A73FD33033DA}"
EndProject
Project("{FAE04EC0-301F-11D3-BF4B-00C04F79EFBC}") = "BankingApi", "BankingApi\BankingApi.csproj", "{D9718292-AE5D-4BE0-B9D0-7C291C920C98}"
EndProject
Project("{2150E333-8FDC-42A3-9474-1A3956D46DE8}") = "AzureFunctions", "AzureFunctions", "{CC9DC982-47BA-4A16-9EBA-48F078BEADF5}"
EndProject
Project("{FAE04EC0-301F-11D3-BF4B-00C04F79EFBC}") = "VerifyLoanDelayIndicator", "VerifyLoanDelayIndicator\VerifyLoanDelayIndicator.csproj", "{325F2993-6CEC-4E68-B211-BC46DB427690}"
EndProject
Global
	GlobalSection(SolutionConfigurationPlatforms) = preSolution
		Debug|Any CPU = Debug|Any CPU
		Release|Any CPU = Release|Any CPU
	EndGlobalSection
	GlobalSection(ProjectConfigurationPlatforms) = postSolution
		{3B667862-0E48-4EDA-BAE8-CD5D4A22718C}.Debug|Any CPU.ActiveCfg = Debug|Any CPU
		{3B667862-0E48-4EDA-BAE8-CD5D4A22718C}.Debug|Any CPU.Build.0 = Debug|Any CPU
		{3B667862-0E48-4EDA-BAE8-CD5D4A22718C}.Release|Any CPU.ActiveCfg = Release|Any CPU
		{3B667862-0E48-4EDA-BAE8-CD5D4A22718C}.Release|Any CPU.Build.0 = Release|Any CPU
		{6358AE1D-A1A2-4EF9-B726-7ACE85C7A523}.Debug|Any CPU.ActiveCfg = Debug|Any CPU
		{6358AE1D-A1A2-4EF9-B726-7ACE85C7A523}.Debug|Any CPU.Build.0 = Debug|Any CPU
		{6358AE1D-A1A2-4EF9-B726-7ACE85C7A523}.Release|Any CPU.ActiveCfg = Release|Any CPU
		{6358AE1D-A1A2-4EF9-B726-7ACE85C7A523}.Release|Any CPU.Build.0 = Release|Any CPU
		{18968EF1-9DBA-4C36-AAF6-B0DB5C5DE9BC}.Debug|Any CPU.ActiveCfg = Debug|Any CPU
		{18968EF1-9DBA-4C36-AAF6-B0DB5C5DE9BC}.Debug|Any CPU.Build.0 = Debug|Any CPU
		{18968EF1-9DBA-4C36-AAF6-B0DB5C5DE9BC}.Release|Any CPU.ActiveCfg = Release|Any CPU
		{18968EF1-9DBA-4C36-AAF6-B0DB5C5DE9BC}.Release|Any CPU.Build.0 = Release|Any CPU
		{FD6FD5F6-6C7C-4EE3-8ED2-2C7B27027C0B}.Debug|Any CPU.ActiveCfg = Debug|Any CPU
		{FD6FD5F6-6C7C-4EE3-8ED2-2C7B27027C0B}.Debug|Any CPU.Build.0 = Debug|Any CPU
		{FD6FD5F6-6C7C-4EE3-8ED2-2C7B27027C0B}.Release|Any CPU.ActiveCfg = Release|Any CPU
		{FD6FD5F6-6C7C-4EE3-8ED2-2C7B27027C0B}.Release|Any CPU.Build.0 = Release|Any CPU
		{10E16091-D1BF-4736-A3CB-B521C1AFB6E5}.Debug|Any CPU.ActiveCfg = Debug|Any CPU
		{10E16091-D1BF-4736-A3CB-B521C1AFB6E5}.Debug|Any CPU.Build.0 = Debug|Any CPU
		{10E16091-D1BF-4736-A3CB-B521C1AFB6E5}.Release|Any CPU.ActiveCfg = Release|Any CPU
		{10E16091-D1BF-4736-A3CB-B521C1AFB6E5}.Release|Any CPU.Build.0 = Release|Any CPU
		{209BDB0A-8B77-41CD-A9E4-908BBEB4B9FC}.Debug|Any CPU.ActiveCfg = Debug|Any CPU
		{209BDB0A-8B77-41CD-A9E4-908BBEB4B9FC}.Debug|Any CPU.Build.0 = Debug|Any CPU
		{209BDB0A-8B77-41CD-A9E4-908BBEB4B9FC}.Release|Any CPU.ActiveCfg = Release|Any CPU
		{209BDB0A-8B77-41CD-A9E4-908BBEB4B9FC}.Release|Any CPU.Build.0 = Release|Any CPU
		{D9718292-AE5D-4BE0-B9D0-7C291C920C98}.Debug|Any CPU.ActiveCfg = Debug|Any CPU
		{D9718292-AE5D-4BE0-B9D0-7C291C920C98}.Debug|Any CPU.Build.0 = Debug|Any CPU
		{D9718292-AE5D-4BE0-B9D0-7C291C920C98}.Release|Any CPU.ActiveCfg = Release|Any CPU
		{D9718292-AE5D-4BE0-B9D0-7C291C920C98}.Release|Any CPU.Build.0 = Release|Any CPU
		{325F2993-6CEC-4E68-B211-BC46DB427690}.Debug|Any CPU.ActiveCfg = Debug|Any CPU
		{325F2993-6CEC-4E68-B211-BC46DB427690}.Debug|Any CPU.Build.0 = Debug|Any CPU
		{325F2993-6CEC-4E68-B211-BC46DB427690}.Release|Any CPU.ActiveCfg = Release|Any CPU
		{325F2993-6CEC-4E68-B211-BC46DB427690}.Release|Any CPU.Build.0 = Release|Any CPU
	EndGlobalSection
	GlobalSection(SolutionProperties) = preSolution
		HideSolutionNode = FALSE
	EndGlobalSection
	GlobalSection(NestedProjects) = preSolution
		{3B667862-0E48-4EDA-BAE8-CD5D4A22718C} = {8F9150BA-F8D7-4EB1-9AF3-B4B8358DF110}
		{02EA681E-C7D8-13C7-8484-4AC65E1B71E8} = {C545C97B-7898-4AFA-BCFF-7D2BEBB9A034}
		{D880DC73-3FEA-4E69-BEB9-B6C3A264A4A5} = {C545C97B-7898-4AFA-BCFF-7D2BEBB9A034}
		{992F528C-BDE2-4246-9911-6D841F77E45B} = {C545C97B-7898-4AFA-BCFF-7D2BEBB9A034}
		{6358AE1D-A1A2-4EF9-B726-7ACE85C7A523} = {02EA681E-C7D8-13C7-8484-4AC65E1B71E8}
		{18968EF1-9DBA-4C36-AAF6-B0DB5C5DE9BC} = {02EA681E-C7D8-13C7-8484-4AC65E1B71E8}
		{FD6FD5F6-6C7C-4EE3-8ED2-2C7B27027C0B} = {D880DC73-3FEA-4E69-BEB9-B6C3A264A4A5}
		{10E16091-D1BF-4736-A3CB-B521C1AFB6E5} = {D880DC73-3FEA-4E69-BEB9-B6C3A264A4A5}
		{209BDB0A-8B77-41CD-A9E4-908BBEB4B9FC} = {D880DC73-3FEA-4E69-BEB9-B6C3A264A4A5}
		{8F9150BA-F8D7-4EB1-9AF3-B4B8358DF110} = {992F528C-BDE2-4246-9911-6D841F77E45B}
		{36873262-FA1C-4741-BFE7-A73FD33033DA} = {992F528C-BDE2-4246-9911-6D841F77E45B}
		{D9718292-AE5D-4BE0-B9D0-7C291C920C98} = {36873262-FA1C-4741-BFE7-A73FD33033DA}
		{CC9DC982-47BA-4A16-9EBA-48F078BEADF5} = {992F528C-BDE2-4246-9911-6D841F77E45B}
		{325F2993-6CEC-4E68-B211-BC46DB427690} = {CC9DC982-47BA-4A16-9EBA-48F078BEADF5}
	EndGlobalSection
	GlobalSection(ExtensibilityGlobals) = postSolution
		SolutionGuid = {403F1B96-8658-4CD9-8C56-4085F189BF53}
	EndGlobalSection
EndGlobal
